{
  "name": "inscore",
  "version": "1.0.0",
  "lockfileVersion": 1,
  "requires": true,
  "dependencies": {
    "@grame/guidolib": {
      "version": "1.7.12",
      "resolved": "https://registry.npmjs.org/@grame/guidolib/-/guidolib-1.7.12.tgz",
      "integrity": "sha512-aIVjAzPBw1n1wrKpmoydel3B4owBuOp/Y67l599mj8DAGcEB/XlJM5W+7wnVs6Ns2W9UDRnCVskl3IFE4GFbrg=="
    },
    "@grame/inscorejs": {
      "version": "1.1.1",
      "resolved": "https://registry.npmjs.org/@grame/inscorejs/-/inscorejs-1.1.1.tgz",
      "integrity": "sha512-s9sHpoqmcTZhsLiG1bUrO38d2h0tX0SEtaj65bLbLBRNreyrJdhHpQuQuo0XJHPC7F0/tpulJJLPFBcJqQFFgw==",
      "requires": {
        "@grame/guidolib": "^1.7.12",
        "@grame/libfaust": "^1.2.0",
        "@grame/libmusicxml": "^3.19.1"
      }
    },
    "@grame/libfaust": {
      "version": "1.2.0",
      "resolved": "https://registry.npmjs.org/@grame/libfaust/-/libfaust-1.2.0.tgz",
      "integrity": "sha512-yhjBDqiSa067KD3fZqMjofifLQlvKLQQDa6dPInc2uIY8+BRsZeZkEQhTGX5bH44tlrNA3pI/xoOcW6VPgoRRA=="
    },
    "@grame/libmusicxml": {
      "version": "3.19.1",
      "resolved": "https://registry.npmjs.org/@grame/libmusicxml/-/libmusicxml-3.19.1.tgz",
      "integrity": "sha512-x2in9ZUrUGRVZ/LVmURu0J2zwmj41worytko1tLUUof0LXD50rIQb/zUoqDuOyDbq+fn5eB6SwhEiWAYIc6Fng=="
    },
    "@types/codemirror": {
      "version": "5.60.5",
      "resolved": "https://registry.npmjs.org/@types/codemirror/-/codemirror-5.60.5.tgz",
      "integrity": "sha512-TiECZmm8St5YxjFUp64LK0c8WU5bxMDt9YaAek1UqUb9swrSCoJhh92fWu1p3mTEqlHjhB5sY7OFBhWroJXZVg==",
      "requires": {
        "@types/tern": "*"
      }
    },
    "@types/estree": {
      "version": "0.0.50",
      "resolved": "https://registry.npmjs.org/@types/estree/-/estree-0.0.50.tgz",
      "integrity": "sha512-C6N5s2ZFtuZRj54k2/zyRhNDjJwwcViAM3Nbm8zjBpbqAdZ00mr0CFxvSKeO8Y/e03WVFLpQMdHYVfUd6SB+Hw=="
    },
    "@types/jquery": {
      "version": "3.5.8",
      "resolved": "https://registry.npmjs.org/@types/jquery/-/jquery-3.5.8.tgz",
      "integrity": "sha512-cXk6NwqjDYg+UI9p2l3x0YmPa4m7RrXqmbK4IpVVpRJiYXU/QTo+UZrn54qfE1+9Gao4qpYqUnxm5ZCy2FTXAw==",
      "requires": {
        "@types/sizzle": "*"
      }
    },
    "@types/jqueryui": {
      "version": "1.12.16",
      "resolved": "https://registry.npmjs.org/@types/jqueryui/-/jqueryui-1.12.16.tgz",
      "integrity": "sha512-6huAQDpNlso9ayaUT9amBOA3kj02OCeUWs+UvDmbaJmwkHSg/HLsQOoap/D5uveN9ePwl72N45Bl+Frp5xyG1Q==",
      "requires": {
        "@types/jquery": "*"
      }
    },
    "@types/node": {
      "version": "16.11.7",
      "resolved": "https://registry.npmjs.org/@types/node/-/node-16.11.7.tgz",
      "integrity": "sha512-QB5D2sqfSjCmTuWcBWyJ+/44bcjO7VbjSbOE0ucoVbAsSNQc4Lt6QkgkVXkTDwkL4z/beecZNDvVX15D4P8Jbw=="
    },
    "@types/sizzle": {
      "version": "2.3.3",
      "resolved": "https://registry.npmjs.org/@types/sizzle/-/sizzle-2.3.3.tgz",
      "integrity": "sha512-JYM8x9EGF163bEyhdJBpR2QX1R5naCJHC8ucJylJ3w9/CVBaskdQ8WqBf8MmQrd1kRvp/a4TS8HJ+bxzR7ZJYQ=="
    },
    "@types/tern": {
      "version": "0.23.4",
      "resolved": "https://registry.npmjs.org/@types/tern/-/tern-0.23.4.tgz",
      "integrity": "sha512-JAUw1iXGO1qaWwEOzxTKJZ/5JxVeON9kvGZ/osgZaJImBnyjyn0cjovPsf6FNLmyGY8Vw9DoXZCMlfMkMwHRWg==",
      "requires": {
        "@types/estree": "*"
      }
    },
    "bootstrap": {
      "version": "3.4.1",
      "resolved": "https://registry.npmjs.org/bootstrap/-/bootstrap-3.4.1.tgz",
      "integrity": "sha512-yN5oZVmRCwe5aKwzRj6736nSmKDX7pLYwsXiCj/EYmo16hODaBiT4En5btW/jhBF/seV+XMx3aYwukYC3A49DA=="
    },
    "buffer-from": {
      "version": "1.1.2",
      "resolved": "https://registry.npmjs.org/buffer-from/-/buffer-from-1.1.2.tgz",
      "integrity": "sha512-E+XQCRwSbaaiChtv6k6Dwgc+bx+Bs6vuKJHHl5kox/BaKbhiXzqQOwK4cO22yElGp2OCmjwVhT3HmxgyPGnJfQ=="
    },
    "camel-case": {
      "version": "4.1.2",
      "resolved": "https://registry.npmjs.org/camel-case/-/camel-case-4.1.2.tgz",
      "integrity": "sha512-gxGWBrTT1JuMx6R+o5PTXMmUnhnVzLQ9SNutD4YqKtI6ap897t3tKECYla6gCWEkplXnlNybEkZg9GEGxKFCgw==",
      "requires": {
        "pascal-case": "^3.1.2",
        "tslib": "^2.0.3"
      }
    },
    "clean-css": {
      "version": "5.2.2",
      "resolved": "https://registry.npmjs.org/clean-css/-/clean-css-5.2.2.tgz",
      "integrity": "sha512-/eR8ru5zyxKzpBLv9YZvMXgTSSQn7AdkMItMYynsFgGwTveCRVam9IUPFloE85B4vAIj05IuKmmEoV7/AQjT0w==",
      "requires": {
        "source-map": "~0.6.0"
      }
    },
    "codemirror": {
      "version": "5.63.3",
      "resolved": "https://registry.npmjs.org/codemirror/-/codemirror-5.63.3.tgz",
      "integrity": "sha512-1C+LELr+5grgJYqwZKqxrcbPsHFHapVaVAloBsFBASbpLnQqLw1U8yXJ3gT5D+rhxIiSpo+kTqN+hQ+9ialIXw=="
    },
    "commander": {
      "version": "8.3.0",
      "resolved": "https://registry.npmjs.org/commander/-/commander-8.3.0.tgz",
      "integrity": "sha512-OkTL9umf+He2DZkUq8f8J9of7yL6RJKI24dVITBmNfZBmri9zYZQrKkuXiKhyfPSu8tUhnVBB1iKXevvnlR4Ww=="
    },
    "css-b64-images": {
      "version": "0.2.5",
      "resolved": "https://registry.npmjs.org/css-b64-images/-/css-b64-images-0.2.5.tgz",
      "integrity": "sha1-QgBdgyBLK0pdk7axpWRBM7WSegI="
    },
    "debug": {
      "version": "4.3.2",
      "resolved": "https://registry.npmjs.org/debug/-/debug-4.3.2.tgz",
      "integrity": "sha512-mOp8wKcvj7XxC78zLgw/ZA+6TSgkoE2C/ienthhRD298T7UNwAg9diBpLRxC0mOezLl4B0xV7M0cCO6P/O0Xhw==",
      "requires": {
        "ms": "2.1.2"
      }
    },
    "directory-tree": {
      "version": "2.3.1",
      "resolved": "https://registry.npmjs.org/directory-tree/-/directory-tree-2.3.1.tgz",
      "integrity": "sha512-hxolIHCtQ/a56CUywaLzGD/V78zPwFihI+UK/4ZjOp7GoV4Mptmtv95yavOn/RlnTi7cCMjszvfcNrwCoWLH+Q=="
    },
    "dot-case": {
      "version": "3.0.4",
      "resolved": "https://registry.npmjs.org/dot-case/-/dot-case-3.0.4.tgz",
      "integrity": "sha512-Kv5nKlh6yRrdrGvxeJ2e5y2eRUpkUosIW4A2AS38zwSz27zu7ufDwQPi5Jhs3XAlGNetl3bmnGhQsMtkKJnj3w==",
      "requires": {
        "no-case": "^3.0.4",
        "tslib": "^2.0.3"
      }
    },
    "find-up": {
      "version": "6.2.0",
      "resolved": "https://registry.npmjs.org/find-up/-/find-up-6.2.0.tgz",
      "integrity": "sha512-yWHzMzXCaFoABSnFTCPKNFlYoq4mSga9QLRRKOCLSJ33hSkzROB14ITbAWW0QDQDyuzsPQ33S1DsOWQb/oW1yA==",
      "requires": {
        "locate-path": "^7.0.0",
        "path-exists": "^5.0.0"
      }
    },
    "he": {
      "version": "1.2.0",
      "resolved": "https://registry.npmjs.org/he/-/he-1.2.0.tgz",
      "integrity": "sha512-F/1DnUGPopORZi0ni+CvrCgHQ5FyEAHRLSApuYWMmrbSwoN2Mn/7k+Gl38gJnR7yyDZk6WLXwiGod1JOWNDKGw=="
    },
    "html-minifier-terser": {
      "version": "6.0.2",
      "resolved": "https://registry.npmjs.org/html-minifier-terser/-/html-minifier-terser-6.0.2.tgz",
      "integrity": "sha512-AgYO3UGhMYQx2S/FBJT3EM0ZYcKmH6m9XL9c1v77BeK/tYJxGPxT1/AtsdUi4FcP8kZGmqqnItCcjFPcX9hk6A==",
      "requires": {
        "camel-case": "^4.1.2",
        "clean-css": "^5.1.5",
        "commander": "^8.1.0",
        "he": "^1.2.0",
        "param-case": "^3.0.4",
        "relateurl": "^0.2.7",
        "terser": "^5.7.2"
      }
    },
    "jju": {
      "version": "1.4.0",
      "resolved": "https://registry.npmjs.org/jju/-/jju-1.4.0.tgz",
      "integrity": "sha1-o6vicYryQaKykE+EpiWXDzia4yo="
    },
    "jquery": {
      "version": "3.6.0",
      "resolved": "https://registry.npmjs.org/jquery/-/jquery-3.6.0.tgz",
      "integrity": "sha512-JVzAR/AjBvVt2BmYhxRCSYysDsPcssdmTFnzyLEts9qNwmjmu4JTAMYubEfwVOSwpQ1I1sKKFcxhZCI2buerfw=="
    },
    "locate-path": {
      "version": "7.0.0",
      "resolved": "https://registry.npmjs.org/locate-path/-/locate-path-7.0.0.tgz",
      "integrity": "sha512-+cg2yXqDUKfo4hsFxwa3G1cBJeA+gs1vD8FyV9/odWoUlQe/4syxHQ5DPtKjtfm6gnKbZzjCqzX03kXosvZB1w==",
      "requires": {
        "p-locate": "^6.0.0"
      }
    },
    "lower-case": {
      "version": "2.0.2",
      "resolved": "https://registry.npmjs.org/lower-case/-/lower-case-2.0.2.tgz",
      "integrity": "sha512-7fm3l3NAF9WfN6W3JOmf5drwpVqX78JtoGJ3A6W0a6ZnldM41w2fV5D490psKFTpMds8TJse/eHLFFsNHHjHgg==",
      "requires": {
        "tslib": "^2.0.3"
      }
    },
    "minify": {
      "version": "8.0.3",
      "resolved": "https://registry.npmjs.org/minify/-/minify-8.0.3.tgz",
      "integrity": "sha512-ULGYQLO0YmRzVsJEN5sMd6/VFTOWXFjk64DEPMgoItjFBglgosL1fT/9OrSNMQDB2Zz/fHOeip/eH84gK4Xr+w==",
      "requires": {
        "clean-css": "^5.0.1",
        "css-b64-images": "~0.2.5",
        "debug": "^4.1.0",
        "find-up": "^6.1.0",
        "html-minifier-terser": "^6.0.2",
        "readjson": "^2.2.2",
        "simport": "^1.2.0",
        "terser": "^5.3.2",
        "try-catch": "^3.0.0",
        "try-to-catch": "^3.0.0"
      }
    },
    "ms": {
      "version": "2.1.2",
      "resolved": "https://registry.npmjs.org/ms/-/ms-2.1.2.tgz",
      "integrity": "sha512-sGkPx+VjMtmA6MX27oA4FBFELFCZZ4S4XqeGOXCv68tT+jb3vk/RyaKWP0PTKyWtmLSM0b+adUTEvbs1PEaH2w=="
    },
    "no-case": {
      "version": "3.0.4",
      "resolved": "https://registry.npmjs.org/no-case/-/no-case-3.0.4.tgz",
      "integrity": "sha512-fgAN3jGAh+RoxUGZHTSOLJIqUc2wmoBwGR4tbpNAKmmovFoWq0OdRkb0VkldReO2a2iBT/OEulG9XSUc10r3zg==",
      "requires": {
        "lower-case": "^2.0.2",
        "tslib": "^2.0.3"
      }
    },
    "p-limit": {
      "version": "4.0.0",
      "resolved": "https://registry.npmjs.org/p-limit/-/p-limit-4.0.0.tgz",
      "integrity": "sha512-5b0R4txpzjPWVw/cXXUResoD4hb6U/x9BH08L7nw+GN1sezDzPdxeRvpc9c433fZhBan/wusjbCsqwqm4EIBIQ==",
      "requires": {
        "yocto-queue": "^1.0.0"
      }
    },
    "p-locate": {
      "version": "6.0.0",
      "resolved": "https://registry.npmjs.org/p-locate/-/p-locate-6.0.0.tgz",
      "integrity": "sha512-wPrq66Llhl7/4AGC6I+cqxT07LhXvWL08LNXz1fENOw0Ap4sRZZ/gZpTTJ5jpurzzzfS2W/Ge9BY3LgLjCShcw==",
      "requires": {
        "p-limit": "^4.0.0"
      }
    },
    "param-case": {
      "version": "3.0.4",
      "resolved": "https://registry.npmjs.org/param-case/-/param-case-3.0.4.tgz",
      "integrity": "sha512-RXlj7zCYokReqWpOPH9oYivUzLYZ5vAPIfEmCTNViosC78F8F0H9y7T7gG2M39ymgutxF5gcFEsyZQSph9Bp3A==",
      "requires": {
        "dot-case": "^3.0.4",
        "tslib": "^2.0.3"
      }
    },
    "pascal-case": {
      "version": "3.1.2",
      "resolved": "https://registry.npmjs.org/pascal-case/-/pascal-case-3.1.2.tgz",
      "integrity": "sha512-uWlGT3YSnK9x3BQJaOdcZwrnV6hPpd8jFH1/ucpiLRPh/2zCVJKS19E4GvYHvaCcACn3foXZ0cLB9Wrx1KGe5g==",
      "requires": {
        "no-case": "^3.0.4",
        "tslib": "^2.0.3"
      }
    },
    "path-exists": {
      "version": "5.0.0",
      "resolved": "https://registry.npmjs.org/path-exists/-/path-exists-5.0.0.tgz",
      "integrity": "sha512-RjhtfwJOxzcFmNOi6ltcbcu4Iu+FL3zEj83dk4kAS+fVpTxXLO1b38RvJgT/0QwvV/L3aY9TAnyv0EOqW4GoMQ=="
    },
    "readjson": {
      "version": "2.2.2",
      "resolved": "https://registry.npmjs.org/readjson/-/readjson-2.2.2.tgz",
      "integrity": "sha512-PdeC9tsmLWBiL8vMhJvocq+OezQ3HhsH2HrN7YkhfYcTjQSa/iraB15A7Qvt7Xpr0Yd2rDNt6GbFwVQDg3HcAw==",
      "requires": {
        "jju": "^1.4.0",
        "try-catch": "^3.0.0"
      }
    },
    "relateurl": {
      "version": "0.2.7",
      "resolved": "https://registry.npmjs.org/relateurl/-/relateurl-0.2.7.tgz",
      "integrity": "sha1-VNvzd+UUQKypCkzSdGANP/LYiKk="
    },
    "simport": {
      "version": "1.2.0",
      "resolved": "https://registry.npmjs.org/simport/-/simport-1.2.0.tgz",
      "integrity": "sha512-85Bm7pKsqiiQ8rmYCaPDdlXZjJvuW6/k/FY8MTtLFMgU7f8S00CgTHfRtWB6KwSb6ek4p9YyG2enG1+yJbl+CA==",
      "requires": {
        "readjson": "^2.2.0",
        "try-to-catch": "^3.0.0"
      }
    },
    "source-map": {
      "version": "0.6.1",
      "resolved": "https://registry.npmjs.org/source-map/-/source-map-0.6.1.tgz",
      "integrity": "sha512-UjgapumWlbMhkBgzT7Ykc5YXUT46F0iKu8SGXq0bcwP5dz/h0Plj6enJqjz1Zbq2l5WaqYnrVbwWOWMyF3F47g=="
    },
    "source-map-support": {
      "version": "0.5.20",
      "resolved": "https://registry.npmjs.org/source-map-support/-/source-map-support-0.5.20.tgz",
      "integrity": "sha512-n1lZZ8Ve4ksRqizaBQgxXDgKwttHDhyfQjA6YZZn8+AroHbsIz+JjwxQDxbp+7y5OYCI8t1Yk7etjD9CRd2hIw==",
      "requires": {
        "buffer-from": "^1.0.0",
        "source-map": "^0.6.0"
      }
    },
    "terser": {
      "version": "5.10.0",
      "resolved": "https://registry.npmjs.org/terser/-/terser-5.10.0.tgz",
      "integrity": "sha512-AMmF99DMfEDiRJfxfY5jj5wNH/bYO09cniSqhfoyxc8sFoYIgkJy86G04UoZU5VjlpnplVu0K6Tx6E9b5+DlHA==",
      "requires": {
        "commander": "^2.20.0",
        "source-map": "~0.7.2",
        "source-map-support": "~0.5.20"
      },
      "dependencies": {
        "commander": {
          "version": "2.20.3",
          "resolved": "https://registry.npmjs.org/commander/-/commander-2.20.3.tgz",
          "integrity": "sha512-GpVkmM8vF2vQUkj2LvZmD35JxeJOLCwJ9cUkugyk2nuhbv3+mJvpLYYt+0+USMxE+oj+ey/lJEnhZw75x/OMcQ=="
        },
        "source-map": {
          "version": "0.7.3",
          "resolved": "https://registry.npmjs.org/source-map/-/source-map-0.7.3.tgz",
          "integrity": "sha512-CkCj6giN3S+n9qrYiBTX5gystlENnRW5jZeNLHpe6aue+SrHcG5VYwujhW9s4dY31mEGsxBDrHR6oI69fTXsaQ=="
        }
      }
    },
    "try-catch": {
      "version": "3.0.0",
      "resolved": "https://registry.npmjs.org/try-catch/-/try-catch-3.0.0.tgz",
      "integrity": "sha512-3uAqUnoemzca1ENvZ72EVimR+E8lqBbzwZ9v4CEbLjkaV3Q+FtdmPUt7jRtoSoTiYjyIMxEkf6YgUpe/voJ1ng=="
    },
    "try-to-catch": {
      "version": "3.0.0",
      "resolved": "https://registry.npmjs.org/try-to-catch/-/try-to-catch-3.0.0.tgz",
      "integrity": "sha512-eIm6ZXwR35jVF8By/HdbbkcaCDTBI5PpCPkejRKrYp0jyf/DbCCcRhHD7/O9jtFI3ewsqo9WctFEiJTS6i+CQA=="
    },
    "tslib": {
      "version": "2.3.1",
      "resolved": "https://registry.npmjs.org/tslib/-/tslib-2.3.1.tgz",
      "integrity": "sha512-77EbyPPpMz+FRFRuAFlWMtmgUWGe9UOG2Z25NqCwiIjRhOf5iKGuzSe5P2w1laq+FkRy4p+PCuVkJSGkzTEKVw=="
    },
    "verovio": {
      "version": "3.6.0",
      "resolved": "https://registry.npmjs.org/verovio/-/verovio-3.6.0.tgz",
      "integrity": "sha512-2Y6uxdtQ4cnkeTkLAttZxFf4VivHgK1PWQgA1nlpzmwssSl5SWauWoZAIXA4YdiOvINWwU/hMUUPbKl9lcUTaA=="
    },
    "yocto-queue": {
      "version": "1.0.0",
      "resolved": "https://registry.npmjs.org/yocto-queue/-/yocto-queue-1.0.0.tgz",
      "integrity": "sha512-9bnSc/HEW2uRy67wc+T8UwauLuPJVn28jb+GtJY16iiKWyvmYJRXVT4UamsAEGQfPohgr2q4Tq0sQbQlxTfi1g=="
    }
  }
}
